
Microsoft Visual Studio Solution File, Format Version 12.00
# Visual Studio 15
VisualStudioVersion = 15.0.27703.2018
MinimumVisualStudioVersion = 10.0.40219.1
Project("{FAE04EC0-301F-11D3-BF4B-00C04F79EFBC}") = "TicketReservation", "TicketReservation\TicketReservation.csproj", "{0499C57F-13FF-4932-BC8D-B913CBD24E74}"
EndProject
Project("{FAE04EC0-301F-11D3-BF4B-00C04F79EFBC}") = "TicketDBContxt", "TicketDBContxt\TicketDBContxt.csproj", "{666DE9BC-AD56-4D8C-9465-BFF1B50E48A1}"
EndProject
Project("{FAE04EC0-301F-11D3-BF4B-00C04F79EFBC}") = "TicketModels", "TicketModels\TicketModels.csproj", "{8CD24E64-A638-4D77-86D2-51497F1767DC}"
EndProject
Project("{FAE04EC0-301F-11D3-BF4B-00C04F79EFBC}") = "TicketODataAPI", "TicketODataAPI\TicketODataAPI.csproj", "{5312BD7F-BDD5-4506-9228-54F99C0B7F9E}"
EndProject
Global
	GlobalSection(SolutionConfigurationPlatforms) = preSolution
		Debug|Any CPU = Debug|Any CPU
		Release|Any CPU = Release|Any CPU
	EndGlobalSection
	GlobalSection(ProjectConfigurationPlatforms) = postSolution
		{0499C57F-13FF-4932-BC8D-B913CBD24E74}.Debug|Any CPU.ActiveCfg = Debug|Any CPU
		{0499C57F-13FF-4932-BC8D-B913CBD24E74}.Debug|Any CPU.Build.0 = Debug|Any CPU
		{0499C57F-13FF-4932-BC8D-B913CBD24E74}.Release|Any CPU.ActiveCfg = Release|Any CPU
		{0499C57F-13FF-4932-BC8D-B913CBD24E74}.Release|Any CPU.Build.0 = Release|Any CPU
		{666DE9BC-AD56-4D8C-9465-BFF1B50E48A1}.Debug|Any CPU.ActiveCfg = Debug|Any CPU
		{666DE9BC-AD56-4D8C-9465-BFF1B50E48A1}.Debug|Any CPU.Build.0 = Debug|Any CPU
		{666DE9BC-AD56-4D8C-9465-BFF1B50E48A1}.Release|Any CPU.ActiveCfg = Release|Any CPU
		{666DE9BC-AD56-4D8C-9465-BFF1B50E48A1}.Release|Any CPU.Build.0 = Release|Any CPU
		{8CD24E64-A638-4D77-86D2-51497F1767DC}.Debug|Any CPU.ActiveCfg = Debug|Any CPU
		{8CD24E64-A638-4D77-86D2-51497F1767DC}.Debug|Any CPU.Build.0 = Debug|Any CPU
		{8CD24E64-A638-4D77-86D2-51497F1767DC}.Release|Any CPU.ActiveCfg = Release|Any CPU
		{8CD24E64-A638-4D77-86D2-51497F1767DC}.Release|Any CPU.Build.0 = Release|Any CPU
		{5312BD7F-BDD5-4506-9228-54F99C0B7F9E}.Debug|Any CPU.ActiveCfg = Debug|Any CPU
		{5312BD7F-BDD5-4506-9228-54F99C0B7F9E}.Debug|Any CPU.Build.0 = Debug|Any CPU
		{5312BD7F-BDD5-4506-9228-54F99C0B7F9E}.Release|Any CPU.ActiveCfg = Release|Any CPU
		{5312BD7F-BDD5-4506-9228-54F99C0B7F9E}.Release|Any CPU.Build.0 = Release|Any CPU
	EndGlobalSection
	GlobalSection(SolutionProperties) = preSolution
		HideSolutionNode = FALSE
	EndGlobalSection
	GlobalSection(ExtensibilityGlobals) = postSolution
		SolutionGuid = {15150A10-479C-4010-9FD0-E7F9C327DA56}
	EndGlobalSection
EndGlobal
